<?xml version="1.0" encoding="utf-8"?>
<Project ToolsVersion="4.0" xmlns="http://schemas.microsoft.com/developer/msbuild/2003">
  <ItemGroup>
    <Filter Include="Source Files">
      <UniqueIdentifier>{4FC737F1-C7A5-4376-A066-2A32D752A2FF}</UniqueIdentifier>
      <Extensions>cpp;c;cc;cxx;c++;cppm;ixx;def;odl;idl;hpj;bat;asm;asmx</Extensions>
    </Filter>
    <Filter Include="Header Files">
      <UniqueIdentifier>{93995380-89BD-4b04-88EB-625FBE52EBFB}</UniqueIdentifier>
      <Extensions>h;hh;hpp;hxx;h++;hm;inl;inc;ipp;xsd</Extensions>
    </Filter>
    <Filter Include="Resource Files">
      <UniqueIdentifier>{67DA6AB6-F800-4c08-8B7A-83BB121AAD01}</UniqueIdentifier>
      <Extensions>rc;ico;cur;bmp;dlg;rc2;rct;bin;rgs;gif;jpg;jpeg;jpe;resx;tiff;tif;png;wav;mfcribbon-ms</Extensions>
    </Filter>
  </ItemGroup>
  <ItemGroup>
    <ClCompile Include="src\main.cpp">
      <Filter>Source Files</Filter>
    </ClCompile>
    <ClCompile Include="vendor\glad.c">
      <Filter>Source Files</Filter>
    </ClCompile>
    <ClCompile Include="vendor\t.cpp">
      <Filter>Source Files</Filter>
    </ClCompile>
    <ClCompile Include="gfx\shader\shader.cpp">
      <Filter>Source Files</Filter>
    </ClCompile>
    <ClCompile Include="gfx\vertexArray.cpp">
      <Filter>Source Files</Filter>
    </ClCompile>
    <ClCompile Include="gfx\vertexBuffer.cpp">
      <Filter>Source Files</Filter>
    </ClCompile>
    <ClCompile Include="gfx\indexBuffer.cpp">
      <Filter>Source Files</Filter>
    </ClCompile>
    <ClCompile Include="gfx\Renderer.cpp">
      <Filter>Source Files</Filter>
    </ClCompile>
    <ClCompile Include="src\Application.cpp">
      <Filter>Source Files</Filter>
    </ClCompile>
    <ClCompile Include="gfx\TextureManager.cpp">
      <Filter>Source Files</Filter>
    </ClCompile>
    <ClCompile Include="misc\Camera.cpp">
      <Filter>Source Files</Filter>
    </ClCompile>
    <ClCompile Include="game\game.cpp">
      <Filter>Source Files</Filter>
    </ClCompile>
    <ClCompile Include="game\Player.cpp">
      <Filter>Source Files</Filter>
    </ClCompile>
    <ClCompile Include="entity\Entity.cpp">
      <Filter>Source Files</Filter>
    </ClCompile>
    <ClCompile Include="entity\EntityManager.cpp">
      <Filter>Source Files</Filter>
    </ClCompile>
    <ClCompile Include="game\bullet.cpp">
      <Filter>Source Files</Filter>
    </ClCompile>
    <ClCompile Include="game\basicEnemy.cpp">
      <Filter>Source Files</Filter>
    </ClCompile>
    <ClCompile Include="game\MinionEnemy.cpp">
      <Filter>Source Files</Filter>
    </ClCompile>
    <ClCompile Include="game\Boss.cpp">
      <Filter>Source Files</Filter>
    </ClCompile>
    <ClCompile Include="game\Spawner.cpp">
      <Filter>Source Files</Filter>
    </ClCompile>
    <ClCompile Include="game\SummonerEnemy.cpp">
      <Filter>Source Files</Filter>
    </ClCompile>
  </ItemGroup>
  <ItemGroup>
    <ClInclude Include="vendor\stb_image.h">
      <Filter>Header Files</Filter>
    </ClInclude>
    <ClInclude Include="src\Init.h">
      <Filter>Header Files</Filter>
    </ClInclude>
    <ClInclude Include="gfx\shader\shader.h">
      <Filter>Header Files</Filter>
    </ClInclude>
    <ClInclude Include="gfx\vertexArray.h">
      <Filter>Header Files</Filter>
    </ClInclude>
    <ClInclude Include="gfx\vertexBuffer.h">
      <Filter>Header Files</Filter>
    </ClInclude>
    <ClInclude Include="gfx\indexBuffer.h">
      <Filter>Header Files</Filter>
    </ClInclude>
    <ClInclude Include="gfx\graphics.h">
      <Filter>Header Files</Filter>
    </ClInclude>
    <ClInclude Include="gfx\Renderer.h">
      <Filter>Header Files</Filter>
    </ClInclude>
    <ClInclude Include="src\Application.h">
      <Filter>Header Files</Filter>
    </ClInclude>
    <ClInclude Include="gfx\TextureManager.h">
      <Filter>Header Files</Filter>
    </ClInclude>
    <ClInclude Include="misc\Camera.h">
      <Filter>Header Files</Filter>
    </ClInclude>
    <ClInclude Include="game\game.h">
      <Filter>Header Files</Filter>
    </ClInclude>
    <ClInclude Include="game\Player.h">
      <Filter>Header Files</Filter>
    </ClInclude>
    <ClInclude Include="entity\Entity.h">
      <Filter>Header Files</Filter>
    </ClInclude>
    <ClInclude Include="entity\EntityManager.h">
      <Filter>Header Files</Filter>
    </ClInclude>
    <ClInclude Include="game\bullet.h">
      <Filter>Header Files</Filter>
    </ClInclude>
    <ClInclude Include="game\basicEnemy.h">
      <Filter>Header Files</Filter>
    </ClInclude>
    <ClInclude Include="game\SummonerEnemy.h">
      <Filter>Header Files</Filter>
    </ClInclude>
    <ClInclude Include="game\MinionEnemy.h">
      <Filter>Header Files</Filter>
    </ClInclude>
    <ClInclude Include="game\Spawner.h">
      <Filter>Header Files</Filter>
    </ClInclude>
    <ClInclude Include="game\Boss.h">
      <Filter>Header Files</Filter>
    </ClInclude>
  </ItemGroup>
  <ItemGroup>
    <None Include="gfx\shader\rec\fshader.fs" />
    <None Include="gfx\shader\rec\vshader.vs" />
  </ItemGroup>
  <ItemGroup>
    <Image Include="gfx\shader\rec\nor_bg.png">
      <Filter>Resource Files</Filter>
    </Image>
    <Image Include="gfx\img\screen\game_over.png">
      <Filter>Resource Files</Filter>
    </Image>
    <Image Include="gfx\img\screen\credits.png">
      <Filter>Resource Files</Filter>
    </Image>
    <Image Include="gfx\img\screen\hud.png">
      <Filter>Resource Files</Filter>
    </Image>
    <Image Include="gfx\img\screen\info.png">
      <Filter>Resource Files</Filter>
    </Image>
    <Image Include="gfx\img\screen\menu.png">
      <Filter>Resource Files</Filter>
    </Image>
    <Image Include="gfx\img\screen\pause.png">
      <Filter>Resource Files</Filter>
    </Image>
    <Image Include="gfx\img\screen\winscreen.png">
      <Filter>Resource Files</Filter>
    </Image>
    <Image Include="gfx\img\screen\winscreen1.png">
      <Filter>Resource Files</Filter>
    </Image>
    <Image Include="gfx\img\sprites\hp.png">
      <Filter>Resource Files</Filter>
    </Image>
    <Image Include="gfx\img\sprites\hpboss.png">
      <Filter>Resource Files</Filter>
    </Image>
    <Image Include="gfx\img\sprites\pewpew.png">
      <Filter>Resource Files</Filter>
    </Image>
    <Image Include="gfx\img\sprites\enemies\nor.png">
      <Filter>Resource Files</Filter>
    </Image>
    <Image Include="gfx\img\sprites\enemies\tposetudy.png">
      <Filter>Resource Files</Filter>
    </Image>
    <Image Include="gfx\img\sprites\enemies\strop.png">
      <Filter>Resource Files</Filter>
    </Image>
    <Image Include="gfx\img\sprites\enemies\frunza.png">
      <Filter>Resource Files</Filter>
    </Image>
    <Image Include="gfx\img\sprites\enemies\boss.png">
      <Filter>Resource Files</Filter>
    </Image>
    <Image Include="gfx\img\sprites\player.png">
      <Filter>Resource Files</Filter>
    </Image>
    <Image Include="gfx\img\screen\difficulty.png">
      <Filter>Resource Files</Filter>
    </Image>
    <Image Include="gfx\img\sprites\point.png">
      <Filter>Resource Files</Filter>
    </Image>
  </ItemGroup>
</Project>