<?xml version="1.0" encoding="utf-8"?>
<Project ToolsVersion="4.0" xmlns="http://schemas.microsoft.com/developer/msbuild/2003">
  <ItemGroup>
    <Filter Include="entity">
      <UniqueIdentifier>{C2FD7FFB-AE9F-AAD1-975A-BE25839B3122}</UniqueIdentifier>
    </Filter>
    <Filter Include="gfx">
      <UniqueIdentifier>{AA76880B-1680-887C-9FFB-9E7C0B04947C}</UniqueIdentifier>
    </Filter>
    <Filter Include="misc">
      <UniqueIdentifier>{B1A29A7C-9DD9-9B0D-46C6-811032DC170F}</UniqueIdentifier>
    </Filter>
    <Filter Include="shader">
      <UniqueIdentifier>{1C21B11B-08C3-DBF1-F17D-EF45DDBE6242}</UniqueIdentifier>
    </Filter>
    <Filter Include="src">
      <UniqueIdentifier>{2DAB880B-99B4-887C-2230-9F7C8E38947C}</UniqueIdentifier>
    </Filter>
    <Filter Include="vendor">
      <UniqueIdentifier>{B3738122-9F15-ACF8-88D0-BF4C74113349}</UniqueIdentifier>
    </Filter>
    <Filter Include="vendor\imgui">
      <UniqueIdentifier>{5D3BD0F0-499E-5F95-F223-984BDE652B18}</UniqueIdentifier>
    </Filter>
  </ItemGroup>
  <ItemGroup>
    <ClInclude Include="entity\Entity.h">
      <Filter>entity</Filter>
    </ClInclude>
    <ClInclude Include="entity\EntityManager.h">
      <Filter>entity</Filter>
    </ClInclude>
    <ClInclude Include="gfx\TextureManager.h">
      <Filter>gfx</Filter>
    </ClInclude>
    <ClInclude Include="gfx\graphics.h">
      <Filter>gfx</Filter>
    </ClInclude>
    <ClInclude Include="misc\Input.h">
      <Filter>misc</Filter>
    </ClInclude>
    <ClInclude Include="shader\shader.h">
      <Filter>shader</Filter>
    </ClInclude>
    <ClInclude Include="src\Init.h">
      <Filter>src</Filter>
    </ClInclude>
    <ClInclude Include="vendor\imgui\imconfig.h">
      <Filter>vendor\imgui</Filter>
    </ClInclude>
    <ClInclude Include="vendor\imgui\imgui.h">
      <Filter>vendor\imgui</Filter>
    </ClInclude>
    <ClInclude Include="vendor\imgui\imgui_impl_glfw.h">
      <Filter>vendor\imgui</Filter>
    </ClInclude>
    <ClInclude Include="vendor\imgui\imgui_impl_opengl3.h">
      <Filter>vendor\imgui</Filter>
    </ClInclude>
    <ClInclude Include="vendor\imgui\imgui_impl_opengl3_loader.h">
      <Filter>vendor\imgui</Filter>
    </ClInclude>
    <ClInclude Include="vendor\imgui\imgui_internal.h">
      <Filter>vendor\imgui</Filter>
    </ClInclude>
    <ClInclude Include="vendor\imgui\imstb_rectpack.h">
      <Filter>vendor\imgui</Filter>
    </ClInclude>
    <ClInclude Include="vendor\imgui\imstb_textedit.h">
      <Filter>vendor\imgui</Filter>
    </ClInclude>
    <ClInclude Include="vendor\imgui\imstb_truetype.h">
      <Filter>vendor\imgui</Filter>
    </ClInclude>
    <ClInclude Include="vendor\stb_image.h">
      <Filter>vendor</Filter>
    </ClInclude>
    <ClInclude Include="gfx\Renderer.h" />
    <ClInclude Include="src\Application.h" />
    <ClInclude Include="gfx\Mesh.h" />
  </ItemGroup>
  <ItemGroup>
    <ClCompile Include="entity\Entity.cpp">
      <Filter>entity</Filter>
    </ClCompile>
    <ClCompile Include="entity\EntityManager.cpp">
      <Filter>entity</Filter>
    </ClCompile>
    <ClCompile Include="gfx\TextureManager.cpp">
      <Filter>gfx</Filter>
    </ClCompile>
    <ClCompile Include="shader\shader.cpp">
      <Filter>shader</Filter>
    </ClCompile>
    <ClCompile Include="src\main.cpp">
      <Filter>src</Filter>
    </ClCompile>
    <ClCompile Include="vendor\glad.c">
      <Filter>vendor</Filter>
    </ClCompile>
    <ClCompile Include="vendor\imgui\imgui.cpp">
      <Filter>vendor\imgui</Filter>
    </ClCompile>
    <ClCompile Include="vendor\imgui\imgui_demo.cpp">
      <Filter>vendor\imgui</Filter>
    </ClCompile>
    <ClCompile Include="vendor\imgui\imgui_draw.cpp">
      <Filter>vendor\imgui</Filter>
    </ClCompile>
    <ClCompile Include="vendor\imgui\imgui_impl_glfw.cpp">
      <Filter>vendor\imgui</Filter>
    </ClCompile>
    <ClCompile Include="vendor\imgui\imgui_impl_opengl3.cpp">
      <Filter>vendor\imgui</Filter>
    </ClCompile>
    <ClCompile Include="vendor\imgui\imgui_tables.cpp">
      <Filter>vendor\imgui</Filter>
    </ClCompile>
    <ClCompile Include="vendor\imgui\imgui_widgets.cpp">
      <Filter>vendor\imgui</Filter>
    </ClCompile>
    <ClCompile Include="vendor\t.cpp">
      <Filter>vendor</Filter>
    </ClCompile>
    <ClCompile Include="gfx\Renderer.cpp" />
    <ClCompile Include="src\Application.cpp" />
    <ClCompile Include="misc\Input.cpp" />
    <ClCompile Include="gfx\Mesh.cpp" />
  </ItemGroup>
  <ItemGroup>
    <Image Include="img\weezer.png" />
  </ItemGroup>
</Project>